
Microsoft Visual Studio Solution File, Format Version 10.00
# Visual Studio 2008
Project("{8BC9CEB8-8B4A-11D0-8D11-00A0C91BC942}") = "AspSessionService", "AspSessionService\AspSessionService.vcproj", "{C78D5857-6E5C-469B-BECB-EE41C43A187C}"
EndProject
Project("{FAE04EC0-301F-11D3-BF4B-00C04F79EFBC}") = "Homelidays.Web.SessionService", "Homelidays.Web.SessionService\Homelidays.Web.SessionService.csproj", "{8C5345E8-C67B-4128-8C01-AD896ED8A764}"
EndProject
Project("{54435603-DBB4-11D2-8724-00A0C9A8B90C}") = "Setupx86", "Setupx86\Setupx86.vdproj", "{94680738-FF73-43AE-B835-746594FE48DC}"
EndProject
Project("{2150E333-8FDC-42A3-9474-1A3956D46DE8}") = "Solution Items", "Solution Items", "{39793233-E03A-4388-ACF1-1CFFA0068CB7}"
	ProjectSection(SolutionItems) = preProject
		License.txt = License.txt
	EndProjectSection
EndProject
Project("{2150E333-8FDC-42A3-9474-1A3956D46DE8}") = "Licenses", "Licenses", "{A2719167-4796-43BF-B77E-D7A1A31819BA}"
	ProjectSection(SolutionItems) = preProject
		Licenses\Apache-Log4Net.txt = Licenses\Apache-Log4Net.txt
		Licenses\MbUnit.txt = Licenses\MbUnit.txt
	EndProjectSection
EndProject
Global
	GlobalSection(SolutionConfigurationPlatforms) = preSolution
		Release|Win32 = Release|Win32
	EndGlobalSection
	GlobalSection(ProjectConfigurationPlatforms) = postSolution
		{C78D5857-6E5C-469B-BECB-EE41C43A187C}.Release|Win32.ActiveCfg = Release|Win32
		{C78D5857-6E5C-469B-BECB-EE41C43A187C}.Release|Win32.Build.0 = Release|Win32
		{8C5345E8-C67B-4128-8C01-AD896ED8A764}.Release|Win32.ActiveCfg = Release|Any CPU
		{94680738-FF73-43AE-B835-746594FE48DC}.Release|Win32.ActiveCfg = Release
		{94680738-FF73-43AE-B835-746594FE48DC}.Release|Win32.Build.0 = Release
	EndGlobalSection
	GlobalSection(SolutionProperties) = preSolution
		HideSolutionNode = FALSE
	EndGlobalSection
	GlobalSection(NestedProjects) = preSolution
		{A2719167-4796-43BF-B77E-D7A1A31819BA} = {39793233-E03A-4388-ACF1-1CFFA0068CB7}
	EndGlobalSection
EndGlobal
