<?xml version="1.0" encoding="utf-8"?>
<Project ToolsVersion="4.0" xmlns="http://schemas.microsoft.com/developer/msbuild/2003">
  <ItemGroup>
    <Filter Include="Source Files">
      <UniqueIdentifier>{4FC737F1-C7A5-4376-A066-2A32D752A2FF}</UniqueIdentifier>
      <Extensions>cpp;c;cc;cxx;def;odl;idl;hpj;bat;asm;asmx</Extensions>
    </Filter>
    <Filter Include="Header Files">
      <UniqueIdentifier>{93995380-89BD-4b04-88EB-625FBE52EBFB}</UniqueIdentifier>
      <Extensions>h;hpp;hxx;hm;inl;inc;xsd</Extensions>
    </Filter>
    <Filter Include="Resource Files">
      <UniqueIdentifier>{67DA6AB6-F800-4c08-8B7A-83BB121AAD01}</UniqueIdentifier>
      <Extensions>rc;ico;cur;bmp;dlg;rc2;rct;bin;rgs;gif;jpg;jpeg;jpe;resx;tiff;tif;png;wav</Extensions>
    </Filter>
    <Filter Include="Generated Files">
      <UniqueIdentifier>{6991b0c1-d972-40ee-a900-8d172b3bdc2e}</UniqueIdentifier>
      <SourceControlFiles>False</SourceControlFiles>
    </Filter>
  </ItemGroup>
  <ItemGroup>
    <ClCompile Include="AspSession.cpp">
      <Filter>Source Files</Filter>
    </ClCompile>
    <ClCompile Include="AspSessionContents.cpp">
      <Filter>Source Files</Filter>
    </ClCompile>
    <ClCompile Include="AspSessionDeserializer.cpp">
      <Filter>Source Files</Filter>
    </ClCompile>
    <ClCompile Include="AspSessionPersistence.cpp">
      <Filter>Source Files</Filter>
    </ClCompile>
    <ClCompile Include="AspSessionSerializer.cpp">
      <Filter>Source Files</Filter>
    </ClCompile>
    <ClCompile Include="AspSessionService.cpp">
      <Filter>Source Files</Filter>
    </ClCompile>
    <ClCompile Include="DispatchUtility.cpp">
      <Filter>Source Files</Filter>
    </ClCompile>
    <ClCompile Include="dllmain.cpp">
      <Filter>Source Files</Filter>
    </ClCompile>
    <ClCompile Include="FileUtility.cpp">
      <Filter>Source Files</Filter>
    </ClCompile>
    <ClCompile Include="Logger.cpp">
      <Filter>Source Files</Filter>
    </ClCompile>
    <ClCompile Include="Partition.cpp">
      <Filter>Source Files</Filter>
    </ClCompile>
    <ClCompile Include="PartitionResolver.cpp">
      <Filter>Source Files</Filter>
    </ClCompile>
    <ClCompile Include="stdafx.cpp">
      <Filter>Source Files</Filter>
    </ClCompile>
    <ClCompile Include="StringUtility.cpp">
      <Filter>Source Files</Filter>
    </ClCompile>
    <ClCompile Include="XmlUtility.cpp">
      <Filter>Source Files</Filter>
    </ClCompile>
    <ClCompile Include="AspSessionService_i.c">
      <Filter>Generated Files</Filter>
    </ClCompile>
  </ItemGroup>
  <ItemGroup>
    <None Include="AspSessionService.def">
      <Filter>Source Files</Filter>
    </None>
    <None Include="scrrun.tlh">
      <Filter>Header Files</Filter>
    </None>
    <None Include="scrrun.tli">
      <Filter>Header Files</Filter>
    </None>
    <None Include="AspSession.rgs">
      <Filter>Resource Files</Filter>
    </None>
    <None Include="AspSessionContents.rgs">
      <Filter>Resource Files</Filter>
    </None>
    <None Include="AspSessionService.rgs">
      <Filter>Resource Files</Filter>
    </None>
    <None Include="Homelidays.ico">
      <Filter>Resource Files</Filter>
    </None>
    <None Include="AspSessionServiceConfig.xml" />
    <None Include="ClassDiagram1.cd" />
    <None Include="Createtables.sql" />
    <None Include="ReadMe.txt" />
  </ItemGroup>
  <ItemGroup>
    <Midl Include="AspSessionService.idl">
      <Filter>Source Files</Filter>
    </Midl>
  </ItemGroup>
  <ItemGroup>
    <ClInclude Include="AspSession.h">
      <Filter>Header Files</Filter>
    </ClInclude>
    <ClInclude Include="AspSessionContents.h">
      <Filter>Header Files</Filter>
    </ClInclude>
    <ClInclude Include="AspSessionDeserializer.h">
      <Filter>Header Files</Filter>
    </ClInclude>
    <ClInclude Include="AspSessionPersistence.h">
      <Filter>Header Files</Filter>
    </ClInclude>
    <ClInclude Include="AspSessionSerializer.h">
      <Filter>Header Files</Filter>
    </ClInclude>
    <ClInclude Include="ContainerType.h">
      <Filter>Header Files</Filter>
    </ClInclude>
    <ClInclude Include="DispatchUtility.h">
      <Filter>Header Files</Filter>
    </ClInclude>
    <ClInclude Include="dllmain.h">
      <Filter>Header Files</Filter>
    </ClInclude>
    <ClInclude Include="FileUtility.h">
      <Filter>Header Files</Filter>
    </ClInclude>
    <ClInclude Include="Logger.h">
      <Filter>Header Files</Filter>
    </ClInclude>
    <ClInclude Include="Partition.h">
      <Filter>Header Files</Filter>
    </ClInclude>
    <ClInclude Include="PartitionResolver.h">
      <Filter>Header Files</Filter>
    </ClInclude>
    <ClInclude Include="Resource.h">
      <Filter>Header Files</Filter>
    </ClInclude>
    <ClInclude Include="stdafx.h">
      <Filter>Header Files</Filter>
    </ClInclude>
    <ClInclude Include="StringUtility.h">
      <Filter>Header Files</Filter>
    </ClInclude>
    <ClInclude Include="targetver.h">
      <Filter>Header Files</Filter>
    </ClInclude>
    <ClInclude Include="VCUE_Collection.h">
      <Filter>Header Files</Filter>
    </ClInclude>
    <ClInclude Include="VCUE_Copy.h">
      <Filter>Header Files</Filter>
    </ClInclude>
    <ClInclude Include="XmlUtility.h">
      <Filter>Header Files</Filter>
    </ClInclude>
    <ClInclude Include="AspSessionService_i.h">
      <Filter>Generated Files</Filter>
    </ClInclude>
  </ItemGroup>
  <ItemGroup>
    <ResourceCompile Include="AspSessionService.rc">
      <Filter>Resource Files</Filter>
    </ResourceCompile>
  </ItemGroup>
</Project>